
Microsoft Visual Studio Solution File, Format Version 12.00
# Visual Studio Version 16
VisualStudioVersion = 16.0.30204.135
MinimumVisualStudioVersion = 10.0.40219.1
Project("{FAE04EC0-301F-11D3-BF4B-00C04F79EFBC}") = "baith2", "baith2\baith2.csproj", "{E3CAF09F-D126-41FF-8473-D15100376765}"
EndProject
Global
	GlobalSection(SolutionConfigurationPlatforms) = preSolution
		Debug|Any CPU = Debug|Any CPU
		Release|Any CPU = Release|Any CPU
	EndGlobalSection
	GlobalSection(ProjectConfigurationPlatforms) = postSolution
		{E3CAF09F-D126-41FF-8473-D15100376765}.Debug|Any CPU.ActiveCfg = Debug|Any CPU
		{E3CAF09F-D126-41FF-8473-D15100376765}.Debug|Any CPU.Build.0 = Debug|Any CPU
		{E3CAF09F-D126-41FF-8473-D15100376765}.Release|Any CPU.ActiveCfg = Release|Any CPU
		{E3CAF09F-D126-41FF-8473-D15100376765}.Release|Any CPU.Build.0 = Release|Any CPU
	EndGlobalSection
	GlobalSection(SolutionProperties) = preSolution
		HideSolutionNode = FALSE
	EndGlobalSection
	GlobalSection(ExtensibilityGlobals) = postSolution
		SolutionGuid = {2E691C54-92BC-410B-9499-FEDA0E474F22}
	EndGlobalSection
EndGlobal
